
Microsoft Visual Studio Solution File, Format Version 12.00
# Visual Studio Version 17
VisualStudioVersion = 17.0.31903.59
MinimumVisualStudioVersion = 10.0.40219.1
Project("{FAE04EC0-301F-11D3-BF4B-00C04F79EFBC}") = "API", "API\API.csproj", "{B0FF0105-A220-42FE-A439-ABE03B6D6D23}"
EndProject
Project("{FAE04EC0-301F-11D3-BF4B-00C04F79EFBC}") = "Core", "Core\Core.csproj", "{7688FC2D-1240-458A-83DD-9A5F7CE17CB9}"
EndProject
Project("{FAE04EC0-301F-11D3-BF4B-00C04F79EFBC}") = "Infrastructure", "Infrastructure\Infrastructure.csproj", "{C2110C12-E3E9-4763-BA5A-804397B7BCD0}"
EndProject
Global
	GlobalSection(SolutionConfigurationPlatforms) = preSolution
		Debug|Any CPU = Debug|Any CPU
		Release|Any CPU = Release|Any CPU
	EndGlobalSection
	GlobalSection(SolutionProperties) = preSolution
		HideSolutionNode = FALSE
	EndGlobalSection
	GlobalSection(ProjectConfigurationPlatforms) = postSolution
		{B0FF0105-A220-42FE-A439-ABE03B6D6D23}.Debug|Any CPU.ActiveCfg = Debug|Any CPU
		{B0FF0105-A220-42FE-A439-ABE03B6D6D23}.Debug|Any CPU.Build.0 = Debug|Any CPU
		{B0FF0105-A220-42FE-A439-ABE03B6D6D23}.Release|Any CPU.ActiveCfg = Release|Any CPU
		{B0FF0105-A220-42FE-A439-ABE03B6D6D23}.Release|Any CPU.Build.0 = Release|Any CPU
		{7688FC2D-1240-458A-83DD-9A5F7CE17CB9}.Debug|Any CPU.ActiveCfg = Debug|Any CPU
		{7688FC2D-1240-458A-83DD-9A5F7CE17CB9}.Debug|Any CPU.Build.0 = Debug|Any CPU
		{7688FC2D-1240-458A-83DD-9A5F7CE17CB9}.Release|Any CPU.ActiveCfg = Release|Any CPU
		{7688FC2D-1240-458A-83DD-9A5F7CE17CB9}.Release|Any CPU.Build.0 = Release|Any CPU
		{C2110C12-E3E9-4763-BA5A-804397B7BCD0}.Debug|Any CPU.ActiveCfg = Debug|Any CPU
		{C2110C12-E3E9-4763-BA5A-804397B7BCD0}.Debug|Any CPU.Build.0 = Debug|Any CPU
		{C2110C12-E3E9-4763-BA5A-804397B7BCD0}.Release|Any CPU.ActiveCfg = Release|Any CPU
		{C2110C12-E3E9-4763-BA5A-804397B7BCD0}.Release|Any CPU.Build.0 = Release|Any CPU
	EndGlobalSection
EndGlobal
